lockfileVersion: '6.0'

settings:
  autoInstallPeers: true
  excludeLinksFromLockfile: false

dependencies:
  '@envelop/core':
    specifier: ^5.0.2
    version: 5.0.2
  graphql:
    specifier: ^16.9.0
    version: 16.9.0

packages:

  /@envelop/core@5.0.2:
    resolution: {integrity: sha512-tVL6OrMe6UjqLosiE+EH9uxh2TQC0469GwF4tE014ugRaDDKKVWwFwZe0TBMlcyHKh5MD4ZxktWo/1hqUxIuhw==}
    engines: {node: '>=18.0.0'}
    dependencies:
      '@envelop/types': 5.0.0
      tslib: 2.7.0
    dev: false

  /@envelop/types@5.0.0:
    resolution: {integrity: sha512-IPjmgSc4KpQRlO4qbEDnBEixvtb06WDmjKfi/7fkZaryh5HuOmTtixe1EupQI5XfXO8joc3d27uUZ0QdC++euA==}
    engines: {node: '>=18.0.0'}
    dependencies:
      tslib: 2.7.0
    dev: false

  /graphql@16.9.0:
    resolution: {integrity: sha512-GGTKBX4SD7Wdb8mqeDLni2oaRGYQWjWHGKPQ24ZMnUtKfcsVoiv4uX8+LJr1K6U5VW2Lu1BwJnj7uiori0YtRw==}
    engines: {node: ^12.22.0 || ^14.16.0 || ^16.0.0 || >=17.0.0}
    dev: false

  /tslib@2.7.0:
    resolution: {integrity: sha512-gLXCKdN1/j47AiHiOkJN69hJmcbGTHI0ImLmbYLHykhgeN0jVGola9yVjFgzCUklsZQMW55o+dW7IXv3RCXDzA==}
    dev: false
